
Microsoft Visual Studio Solution File, Format Version 12.00
# Visual Studio 15
VisualStudioVersion = 15.0.27130.2027
MinimumVisualStudioVersion = 10.0.40219.1
Project("{FAE04EC0-301F-11D3-BF4B-00C04F79EFBC}") = "RentDemo", "RentDemo\RentDemo.csproj", "{FEF113A9-A488-4A44-B0AE-A4075CA6096E}"
EndProject
Project("{FAE04EC0-301F-11D3-BF4B-00C04F79EFBC}") = "BLL", "BLL\BLL.csproj", "{B50AFC5A-F870-4816-8403-D9A6596F2214}"
EndProject
Global
	GlobalSection(SolutionConfigurationPlatforms) = preSolution
		Debug|Any CPU = Debug|Any CPU
		Release|Any CPU = Release|Any CPU
	EndGlobalSection
	GlobalSection(ProjectConfigurationPlatforms) = postSolution
		{FEF113A9-A488-4A44-B0AE-A4075CA6096E}.Debug|Any CPU.ActiveCfg = Debug|Any CPU
		{FEF113A9-A488-4A44-B0AE-A4075CA6096E}.Debug|Any CPU.Build.0 = Debug|Any CPU
		{FEF113A9-A488-4A44-B0AE-A4075CA6096E}.Release|Any CPU.ActiveCfg = Release|Any CPU
		{FEF113A9-A488-4A44-B0AE-A4075CA6096E}.Release|Any CPU.Build.0 = Release|Any CPU
		{B50AFC5A-F870-4816-8403-D9A6596F2214}.Debug|Any CPU.ActiveCfg = Debug|Any CPU
		{B50AFC5A-F870-4816-8403-D9A6596F2214}.Debug|Any CPU.Build.0 = Debug|Any CPU
		{B50AFC5A-F870-4816-8403-D9A6596F2214}.Release|Any CPU.ActiveCfg = Release|Any CPU
		{B50AFC5A-F870-4816-8403-D9A6596F2214}.Release|Any CPU.Build.0 = Release|Any CPU
	EndGlobalSection
	GlobalSection(SolutionProperties) = preSolution
		HideSolutionNode = FALSE
	EndGlobalSection
	GlobalSection(ExtensibilityGlobals) = postSolution
		SolutionGuid = {1CA93F39-379A-42F6-B4A6-05779015A695}
	EndGlobalSection
EndGlobal
